
Microsoft Visual Studio Solution File, Format Version 12.00
# Visual Studio Version 16
VisualStudioVersion = 16.0.30717.126
MinimumVisualStudioVersion = 15.0.26124.0
Project("{8BC9CEB8-8B4A-11D0-8D11-00A0C91BC942}") = "SignmeDynamic", "SignmeDynamic\SignmeDynamic.vcxproj", "{478BC6FC-17F2-4117-98F6-E52816676E54}"
EndProject
Project("{8BC9CEB8-8B4A-11D0-8D11-00A0C91BC942}") = "SubmeStatic", "deps\subme\SubmeStatic\SubmeStatic.vcxproj", "{F9EF8C7F-E42C-4CBA-B125-F367410AA044}"
EndProject
Global
	GlobalSection(SolutionConfigurationPlatforms) = preSolution
		Debug|x64 = Debug|x64
	EndGlobalSection
	GlobalSection(ProjectConfigurationPlatforms) = postSolution
		{478BC6FC-17F2-4117-98F6-E52816676E54}.Debug|x64.ActiveCfg = Debug|x64
		{478BC6FC-17F2-4117-98F6-E52816676E54}.Debug|x64.Build.0 = Debug|x64
		{F9EF8C7F-E42C-4CBA-B125-F367410AA044}.Debug|x64.ActiveCfg = Debug|x64
		{F9EF8C7F-E42C-4CBA-B125-F367410AA044}.Debug|x64.Build.0 = Debug|x64
	EndGlobalSection
	GlobalSection(SolutionProperties) = preSolution
		HideSolutionNode = FALSE
	EndGlobalSection
	GlobalSection(ExtensibilityGlobals) = postSolution
		SolutionGuid = {A7875666-32E2-46B0-BD2C-6AEE6FCCB979}
	EndGlobalSection
EndGlobal
